
Microsoft Visual Studio Solution File, Format Version 12.00
# Visual Studio Version 17
VisualStudioVersion = 17.7.34221.43
MinimumVisualStudioVersion = 10.0.40219.1
Project("{2150E333-8FDC-42A3-9474-1A3956D46DE8}") = "Microservices", "Microservices", "{B6B95E70-F9B3-4ABE-B195-816D42CCC72B}"
EndProject
Project("{2150E333-8FDC-42A3-9474-1A3956D46DE8}") = "Domain", "Domain", "{8A632ADA-C8BF-4D08-9523-340CD74913B3}"
EndProject
Project("{2150E333-8FDC-42A3-9474-1A3956D46DE8}") = "Infra.Bus", "Infra.Bus", "{41A208C2-04AB-45D0-B6F7-B99B9166C423}"
EndProject
Project("{2150E333-8FDC-42A3-9474-1A3956D46DE8}") = "Infra.IOC", "Infra.IOC", "{11783FD7-24E9-4DB0-909C-314D0A62D70C}"
EndProject
Project("{2150E333-8FDC-42A3-9474-1A3956D46DE8}") = "Presentation", "Presentation", "{49E68E9A-4684-4FCB-8695-E85C8818A0B2}"
EndProject
Project("{9A19103F-16F7-4668-BE54-9A1E7A4F7556}") = "MicroRabbit.Domain.Core", "MicroRabbit.Domain.Core\MicroRabbit.Domain.Core.csproj", "{3A4C4603-8F8A-43E7-A6A3-7C2394695AA2}"
EndProject
Project("{9A19103F-16F7-4668-BE54-9A1E7A4F7556}") = "MicroRabbit.Infra.Bus", "MicroRabbit.Infra.Bus\MicroRabbit.Infra.Bus.csproj", "{D05DB8AF-22B2-49AB-9BFF-32F1BAD18E5E}"
EndProject
Project("{9A19103F-16F7-4668-BE54-9A1E7A4F7556}") = "MicroRabbit.Infra.IoC", "MicroRabbit.Infra.IoC\MicroRabbit.Infra.IoC.csproj", "{C288FB7A-7F96-4FD1-8A01-C8D3E8390FD5}"
EndProject
Project("{2150E333-8FDC-42A3-9474-1A3956D46DE8}") = "Banking", "Banking", "{0F043FC3-FC75-4970-BF93-4EA84F7E6186}"
EndProject
Project("{2150E333-8FDC-42A3-9474-1A3956D46DE8}") = "Api", "Api", "{ABDAFD22-598C-4791-A9A6-C810A37C16A0}"
EndProject
Project("{2150E333-8FDC-42A3-9474-1A3956D46DE8}") = "Domain", "Domain", "{2F77F676-795E-410A-A0F4-971C076CEED5}"
EndProject
Project("{2150E333-8FDC-42A3-9474-1A3956D46DE8}") = "Application", "Application", "{41744A3A-5BBF-43E6-81B2-6866866A7952}"
EndProject
Project("{2150E333-8FDC-42A3-9474-1A3956D46DE8}") = "Data", "Data", "{D6619EA7-9860-4CBB-BAEB-DBCD2B7D99A4}"
EndProject
Project("{9A19103F-16F7-4668-BE54-9A1E7A4F7556}") = "MicroRabbit.Banking.Api", "MicroRabbit.Banking.Api\MicroRabbit.Banking.Api.csproj", "{B7218864-6C67-4A32-B4BC-3DDE20E7BAAF}"
EndProject
Project("{9A19103F-16F7-4668-BE54-9A1E7A4F7556}") = "MicroRabbit.Banking.Application", "MicroRabbit.Banking.Application\MicroRabbit.Banking.Application.csproj", "{52F21E71-D1A1-47A8-837F-09E8C3445C25}"
EndProject
Project("{9A19103F-16F7-4668-BE54-9A1E7A4F7556}") = "MicroRabbit.Banking.Data", "MicroRabbit.Banking.Data\MicroRabbit.Banking.Data.csproj", "{238F0541-5E6C-4470-9E25-70D8E5DDE5E6}"
EndProject
Project("{9A19103F-16F7-4668-BE54-9A1E7A4F7556}") = "MicroRabbit.Banking.Domain", "MicroRabbit.Banking.Domain\MicroRabbit.Banking.Domain.csproj", "{C7BCDF10-444D-4CB5-BB9F-495B58279781}"
EndProject
Project("{2150E333-8FDC-42A3-9474-1A3956D46DE8}") = "Models", "Models", "{8845F100-BF98-4928-A85A-8BB0E91DC5C2}"
	ProjectSection(SolutionItems) = preProject
		AccountTransfer.cs = AccountTransfer.cs
	EndProjectSection
EndProject
Global
	GlobalSection(SolutionConfigurationPlatforms) = preSolution
		Debug|Any CPU = Debug|Any CPU
		Release|Any CPU = Release|Any CPU
	EndGlobalSection
	GlobalSection(ProjectConfigurationPlatforms) = postSolution
		{3A4C4603-8F8A-43E7-A6A3-7C2394695AA2}.Debug|Any CPU.ActiveCfg = Debug|Any CPU
		{3A4C4603-8F8A-43E7-A6A3-7C2394695AA2}.Debug|Any CPU.Build.0 = Debug|Any CPU
		{3A4C4603-8F8A-43E7-A6A3-7C2394695AA2}.Release|Any CPU.ActiveCfg = Release|Any CPU
		{3A4C4603-8F8A-43E7-A6A3-7C2394695AA2}.Release|Any CPU.Build.0 = Release|Any CPU
		{D05DB8AF-22B2-49AB-9BFF-32F1BAD18E5E}.Debug|Any CPU.ActiveCfg = Debug|Any CPU
		{D05DB8AF-22B2-49AB-9BFF-32F1BAD18E5E}.Debug|Any CPU.Build.0 = Debug|Any CPU
		{D05DB8AF-22B2-49AB-9BFF-32F1BAD18E5E}.Release|Any CPU.ActiveCfg = Release|Any CPU
		{D05DB8AF-22B2-49AB-9BFF-32F1BAD18E5E}.Release|Any CPU.Build.0 = Release|Any CPU
		{C288FB7A-7F96-4FD1-8A01-C8D3E8390FD5}.Debug|Any CPU.ActiveCfg = Debug|Any CPU
		{C288FB7A-7F96-4FD1-8A01-C8D3E8390FD5}.Debug|Any CPU.Build.0 = Debug|Any CPU
		{C288FB7A-7F96-4FD1-8A01-C8D3E8390FD5}.Release|Any CPU.ActiveCfg = Release|Any CPU
		{C288FB7A-7F96-4FD1-8A01-C8D3E8390FD5}.Release|Any CPU.Build.0 = Release|Any CPU
		{B7218864-6C67-4A32-B4BC-3DDE20E7BAAF}.Debug|Any CPU.ActiveCfg = Debug|Any CPU
		{B7218864-6C67-4A32-B4BC-3DDE20E7BAAF}.Debug|Any CPU.Build.0 = Debug|Any CPU
		{B7218864-6C67-4A32-B4BC-3DDE20E7BAAF}.Release|Any CPU.ActiveCfg = Release|Any CPU
		{B7218864-6C67-4A32-B4BC-3DDE20E7BAAF}.Release|Any CPU.Build.0 = Release|Any CPU
		{52F21E71-D1A1-47A8-837F-09E8C3445C25}.Debug|Any CPU.ActiveCfg = Debug|Any CPU
		{52F21E71-D1A1-47A8-837F-09E8C3445C25}.Debug|Any CPU.Build.0 = Debug|Any CPU
		{52F21E71-D1A1-47A8-837F-09E8C3445C25}.Release|Any CPU.ActiveCfg = Release|Any CPU
		{52F21E71-D1A1-47A8-837F-09E8C3445C25}.Release|Any CPU.Build.0 = Release|Any CPU
		{238F0541-5E6C-4470-9E25-70D8E5DDE5E6}.Debug|Any CPU.ActiveCfg = Debug|Any CPU
		{238F0541-5E6C-4470-9E25-70D8E5DDE5E6}.Debug|Any CPU.Build.0 = Debug|Any CPU
		{238F0541-5E6C-4470-9E25-70D8E5DDE5E6}.Release|Any CPU.ActiveCfg = Release|Any CPU
		{238F0541-5E6C-4470-9E25-70D8E5DDE5E6}.Release|Any CPU.Build.0 = Release|Any CPU
		{C7BCDF10-444D-4CB5-BB9F-495B58279781}.Debug|Any CPU.ActiveCfg = Debug|Any CPU
		{C7BCDF10-444D-4CB5-BB9F-495B58279781}.Debug|Any CPU.Build.0 = Debug|Any CPU
		{C7BCDF10-444D-4CB5-BB9F-495B58279781}.Release|Any CPU.ActiveCfg = Release|Any CPU
		{C7BCDF10-444D-4CB5-BB9F-495B58279781}.Release|Any CPU.Build.0 = Release|Any CPU
	EndGlobalSection
	GlobalSection(SolutionProperties) = preSolution
		HideSolutionNode = FALSE
	EndGlobalSection
	GlobalSection(NestedProjects) = preSolution
		{3A4C4603-8F8A-43E7-A6A3-7C2394695AA2} = {8A632ADA-C8BF-4D08-9523-340CD74913B3}
		{D05DB8AF-22B2-49AB-9BFF-32F1BAD18E5E} = {41A208C2-04AB-45D0-B6F7-B99B9166C423}
		{C288FB7A-7F96-4FD1-8A01-C8D3E8390FD5} = {11783FD7-24E9-4DB0-909C-314D0A62D70C}
		{0F043FC3-FC75-4970-BF93-4EA84F7E6186} = {B6B95E70-F9B3-4ABE-B195-816D42CCC72B}
		{ABDAFD22-598C-4791-A9A6-C810A37C16A0} = {0F043FC3-FC75-4970-BF93-4EA84F7E6186}
		{2F77F676-795E-410A-A0F4-971C076CEED5} = {0F043FC3-FC75-4970-BF93-4EA84F7E6186}
		{41744A3A-5BBF-43E6-81B2-6866866A7952} = {0F043FC3-FC75-4970-BF93-4EA84F7E6186}
		{D6619EA7-9860-4CBB-BAEB-DBCD2B7D99A4} = {0F043FC3-FC75-4970-BF93-4EA84F7E6186}
		{B7218864-6C67-4A32-B4BC-3DDE20E7BAAF} = {ABDAFD22-598C-4791-A9A6-C810A37C16A0}
		{52F21E71-D1A1-47A8-837F-09E8C3445C25} = {41744A3A-5BBF-43E6-81B2-6866866A7952}
		{238F0541-5E6C-4470-9E25-70D8E5DDE5E6} = {D6619EA7-9860-4CBB-BAEB-DBCD2B7D99A4}
		{C7BCDF10-444D-4CB5-BB9F-495B58279781} = {2F77F676-795E-410A-A0F4-971C076CEED5}
		{8845F100-BF98-4928-A85A-8BB0E91DC5C2} = {41744A3A-5BBF-43E6-81B2-6866866A7952}
	EndGlobalSection
	GlobalSection(ExtensibilityGlobals) = postSolution
		SolutionGuid = {A57FFD37-DA45-4F2E-BB76-3AD6B4C36131}
	EndGlobalSection
EndGlobal
